
Microsoft Visual Studio Solution File, Format Version 12.00
# Visual Studio Version 16
VisualStudioVersion = 16.0.30907.101
MinimumVisualStudioVersion = 10.0.40219.1
Project("{9A19103F-16F7-4668-BE54-9A1E7A4F7556}") = "VOD.UI", "VOD.UI\VOD.UI.csproj", "{C8DB8251-B734-4823-ABE5-C54D6E4B75E6}"
EndProject
Project("{9A19103F-16F7-4668-BE54-9A1E7A4F7556}") = "VOD.Common", "VOD.Common\VOD.Common.csproj", "{7F2676B9-520A-4FC2-874D-AC216C6B78D2}"
EndProject
Project("{9A19103F-16F7-4668-BE54-9A1E7A4F7556}") = "VOD.Database", "VOD.Database\VOD.Database.csproj", "{0D3A866D-A626-4154-9466-5FAF4A0055E1}"
EndProject
Global
	GlobalSection(SolutionConfigurationPlatforms) = preSolution
		Debug|Any CPU = Debug|Any CPU
		Release|Any CPU = Release|Any CPU
	EndGlobalSection
	GlobalSection(ProjectConfigurationPlatforms) = postSolution
		{C8DB8251-B734-4823-ABE5-C54D6E4B75E6}.Debug|Any CPU.ActiveCfg = Debug|Any CPU
		{C8DB8251-B734-4823-ABE5-C54D6E4B75E6}.Debug|Any CPU.Build.0 = Debug|Any CPU
		{C8DB8251-B734-4823-ABE5-C54D6E4B75E6}.Release|Any CPU.ActiveCfg = Release|Any CPU
		{C8DB8251-B734-4823-ABE5-C54D6E4B75E6}.Release|Any CPU.Build.0 = Release|Any CPU
		{7F2676B9-520A-4FC2-874D-AC216C6B78D2}.Debug|Any CPU.ActiveCfg = Debug|Any CPU
		{7F2676B9-520A-4FC2-874D-AC216C6B78D2}.Debug|Any CPU.Build.0 = Debug|Any CPU
		{7F2676B9-520A-4FC2-874D-AC216C6B78D2}.Release|Any CPU.ActiveCfg = Release|Any CPU
		{7F2676B9-520A-4FC2-874D-AC216C6B78D2}.Release|Any CPU.Build.0 = Release|Any CPU
		{0D3A866D-A626-4154-9466-5FAF4A0055E1}.Debug|Any CPU.ActiveCfg = Debug|Any CPU
		{0D3A866D-A626-4154-9466-5FAF4A0055E1}.Debug|Any CPU.Build.0 = Debug|Any CPU
		{0D3A866D-A626-4154-9466-5FAF4A0055E1}.Release|Any CPU.ActiveCfg = Release|Any CPU
		{0D3A866D-A626-4154-9466-5FAF4A0055E1}.Release|Any CPU.Build.0 = Release|Any CPU
	EndGlobalSection
	GlobalSection(SolutionProperties) = preSolution
		HideSolutionNode = FALSE
	EndGlobalSection
	GlobalSection(ExtensibilityGlobals) = postSolution
		SolutionGuid = {D1E75242-1C0E-4B25-BD3A-10E4F7DE1618}
	EndGlobalSection
EndGlobal
